
Microsoft Visual Studio Solution File, Format Version 12.00
# Visual Studio Version 17
VisualStudioVersion = 17.10.34814.14
MinimumVisualStudioVersion = 10.0.40219.1
Project("{FAE04EC0-301F-11D3-BF4B-00C04F79EFBC}") = "Personal Finance Manger", "Personal Finance Manger.csproj", "{64A256BB-C7C0-4B8A-90B6-4418501DBC0F}"
EndProject
Global
	GlobalSection(SolutionConfigurationPlatforms) = preSolution
		Debug|Any CPU = Debug|Any CPU
		Release|Any CPU = Release|Any CPU
	EndGlobalSection
	GlobalSection(ProjectConfigurationPlatforms) = postSolution
		{64A256BB-C7C0-4B8A-90B6-4418501DBC0F}.Debug|Any CPU.ActiveCfg = Debug|Any CPU
		{64A256BB-C7C0-4B8A-90B6-4418501DBC0F}.Debug|Any CPU.Build.0 = Debug|Any CPU
		{64A256BB-C7C0-4B8A-90B6-4418501DBC0F}.Release|Any CPU.ActiveCfg = Release|Any CPU
		{64A256BB-C7C0-4B8A-90B6-4418501DBC0F}.Release|Any CPU.Build.0 = Release|Any CPU
	EndGlobalSection
	GlobalSection(SolutionProperties) = preSolution
		HideSolutionNode = FALSE
	EndGlobalSection
	GlobalSection(ExtensibilityGlobals) = postSolution
		SolutionGuid = {91AACD62-53BD-49F3-BA3E-978220EB931E}
	EndGlobalSection
EndGlobal
